
Microsoft Visual Studio Solution File, Format Version 12.00
# Visual Studio Version 16
VisualStudioVersion = 16.0.35425.106
MinimumVisualStudioVersion = 10.0.40219.1
Project("{F184B08F-C81C-45F6-A57F-5ABD9991F28F}") = "VannakSokhdeang_Task2.1FormDesign", "VannakSokhdeang_Task2.1FormDesign\VannakSokhdeang_Task2.1FormDesign.vbproj", "{8DB48FCE-574D-4E30-BEAF-6185F3E2BF64}"
EndProject
Global
	GlobalSection(SolutionConfigurationPlatforms) = preSolution
		Debug|Any CPU = Debug|Any CPU
		Release|Any CPU = Release|Any CPU
	EndGlobalSection
	GlobalSection(ProjectConfigurationPlatforms) = postSolution
		{8DB48FCE-574D-4E30-BEAF-6185F3E2BF64}.Debug|Any CPU.ActiveCfg = Debug|Any CPU
		{8DB48FCE-574D-4E30-BEAF-6185F3E2BF64}.Debug|Any CPU.Build.0 = Debug|Any CPU
		{8DB48FCE-574D-4E30-BEAF-6185F3E2BF64}.Release|Any CPU.ActiveCfg = Release|Any CPU
		{8DB48FCE-574D-4E30-BEAF-6185F3E2BF64}.Release|Any CPU.Build.0 = Release|Any CPU
	EndGlobalSection
	GlobalSection(SolutionProperties) = preSolution
		HideSolutionNode = FALSE
	EndGlobalSection
	GlobalSection(ExtensibilityGlobals) = postSolution
		SolutionGuid = {5D91F1FC-3A63-4798-85ED-B89EEDF11C32}
	EndGlobalSection
EndGlobal
